// !$*UTF8*$!
{
	archiveVersion = 1;
	classes = {
	};
	objectVersion = 56;
	objects = {

/* Begin PBXBuildFile section */
		093148142928D26E0063EDD8 /* NoteDetailView.swift in Sources */ = {isa = PBXBuildFile; fileRef = 093148132928D26E0063EDD8 /* NoteDetailView.swift */; };
		093148162928D2CC0063EDD8 /* DetailViewModel.swift in Sources */ = {isa = PBXBuildFile; fileRef = 093148152928D2CC0063EDD8 /* DetailViewModel.swift */; };
		098C2F1B2926E14800BB8871 /* NoteThisApp.swift in Sources */ = {isa = PBXBuildFile; fileRef = 098C2F1A2926E14800BB8871 /* NoteThisApp.swift */; };
		098C2F1D2926E14800BB8871 /* ContentView.swift in Sources */ = {isa = PBXBuildFile; fileRef = 098C2F1C2926E14800BB8871 /* ContentView.swift */; };
		098C2F1F2926E14900BB8871 /* Assets.xcassets in Resources */ = {isa = PBXBuildFile; fileRef = 098C2F1E2926E14900BB8871 /* Assets.xcassets */; };
		098C2F222926E14900BB8871 /* Preview Assets.xcassets in Resources */ = {isa = PBXBuildFile; fileRef = 098C2F212926E14900BB8871 /* Preview Assets.xcassets */; };
		098C2F2F2926E3D800BB8871 /* ModelDefinition.swift in Sources */ = {isa = PBXBuildFile; fileRef = 098C2F2E2926E3D800BB8871 /* ModelDefinition.swift */; };
		098C2F312926E68800BB8871 /* NoteThisViewModel.swift in Sources */ = {isa = PBXBuildFile; fileRef = 098C2F302926E68800BB8871 /* NoteThisViewModel.swift */; };
		098C2F332926E6EC00BB8871 /* ModelPersistence.swift in Sources */ = {isa = PBXBuildFile; fileRef = 098C2F322926E6EC00BB8871 /* ModelPersistence.swift */; };
		098C2F352926E98700BB8871 /* noteDefaultData.json in Resources */ = {isa = PBXBuildFile; fileRef = 098C2F342926E98700BB8871 /* noteDefaultData.json */; };
		098C2F372926EC5000BB8871 /* NoteCell.swift in Sources */ = {isa = PBXBuildFile; fileRef = 098C2F362926EC5000BB8871 /* NoteCell.swift */; };
/* End PBXBuildFile section */

/* Begin PBXFileReference section */
		093148132928D26E0063EDD8 /* NoteDetailView.swift */ = {isa = PBXFileReference; lastKnownFileType = sourcecode.swift; path = NoteDetailView.swift; sourceTree = "<group>"; };
		093148152928D2CC0063EDD8 /* DetailViewModel.swift */ = {isa = PBXFileReference; lastKnownFileType = sourcecode.swift; path = DetailViewModel.swift; sourceTree = "<group>"; };
		098C2F172926E14800BB8871 /* NoteThis.app */ = {isa = PBXFileReference; explicitFileType = wrapper.application; includeInIndex = 0; path = NoteThis.app; sourceTree = BUILT_PRODUCTS_DIR; };
		098C2F1A2926E14800BB8871 /* NoteThisApp.swift */ = {isa = PBXFileReference; lastKnownFileType = sourcecode.swift; path = NoteThisApp.swift; sourceTree = "<group>"; };
		098C2F1C2926E14800BB8871 /* ContentView.swift */ = {isa = PBXFileReference; lastKnownFileType = sourcecode.swift; path = ContentView.swift; sourceTree = "<group>"; };
		098C2F1E2926E14900BB8871 /* Assets.xcassets */ = {isa = PBXFileReference; lastKnownFileType = folder.assetcatalog; path = Assets.xcassets; sourceTree = "<group>"; };
		098C2F212926E14900BB8871 /* Preview Assets.xcassets */ = {isa = PBXFileReference; lastKnownFileType = folder.assetcatalog; path = "Preview Assets.xcassets"; sourceTree = "<group>"; };
		098C2F2E2926E3D800BB8871 /* ModelDefinition.swift */ = {isa = PBXFileReference; lastKnownFileType = sourcecode.swift; path = ModelDefinition.swift; sourceTree = "<group>"; };
		098C2F302926E68800BB8871 /* NoteThisViewModel.swift */ = {isa = PBXFileReference; lastKnownFileType = sourcecode.swift; path = NoteThisViewModel.swift; sourceTree = "<group>"; };
		098C2F322926E6EC00BB8871 /* ModelPersistence.swift */ = {isa = PBXFileReference; lastKnownFileType = sourcecode.swift; path = ModelPersistence.swift; sourceTree = "<group>"; };
		098C2F342926E98700BB8871 /* noteDefaultData.json */ = {isa = PBXFileReference; fileEncoding = 4; lastKnownFileType = text.json; path = noteDefaultData.json; sourceTree = "<group>"; };
		098C2F362926EC5000BB8871 /* NoteCell.swift */ = {isa = PBXFileReference; lastKnownFileType = sourcecode.swift; path = NoteCell.swift; sourceTree = "<group>"; };
/* End PBXFileReference section */

/* Begin PBXFrameworksBuildPhase section */
		098C2F142926E14800BB8871 /* Frameworks */ = {
			isa = PBXFrameworksBuildPhase;
			buildActionMask = 2147483647;
			files = (
			);
			runOnlyForDeploymentPostprocessing = 0;
		};
/* End PBXFrameworksBuildPhase section */

/* Begin PBXGroup section */
		098C2F0E2926E14800BB8871 = {
			isa = PBXGroup;
			children = (
				098C2F192926E14800BB8871 /* NoteThis */,
				098C2F182926E14800BB8871 /* Products */,
			);
			sourceTree = "<group>";
		};
		098C2F182926E14800BB8871 /* Products */ = {
			isa = PBXGroup;
			children = (
				098C2F172926E14800BB8871 /* NoteThis.app */,
			);
			name = Products;
			sourceTree = "<group>";
		};
		098C2F192926E14800BB8871 /* NoteThis */ = {
			isa = PBXGroup;
			children = (
				098C2F282926E36900BB8871 /* Views */,
				098C2F2D2926E39200BB8871 /* ViewComponents */,
				098C2F2A2926E37900BB8871 /* Model */,
				098C2F292926E36F00BB8871 /* ViewModels */,
				098C2F2B2926E38100BB8871 /* Resources */,
				098C2F2C2926E38800BB8871 /* System */,
				098C2F202926E14900BB8871 /* Preview Content */,
			);
			path = NoteThis;
			sourceTree = "<group>";
		};
		098C2F202926E14900BB8871 /* Preview Content */ = {
			isa = PBXGroup;
			children = (
				098C2F212926E14900BB8871 /* Preview Assets.xcassets */,
			);
			path = "Preview Content";
			sourceTree = "<group>";
		};
		098C2F282926E36900BB8871 /* Views */ = {
			isa = PBXGroup;
			children = (
				098C2F1C2926E14800BB8871 /* ContentView.swift */,
				093148132928D26E0063EDD8 /* NoteDetailView.swift */,
			);
			name = Views;
			sourceTree = "<group>";
		};
		098C2F292926E36F00BB8871 /* ViewModels */ = {
			isa = PBXGroup;
			children = (
				098C2F302926E68800BB8871 /* NoteThisViewModel.swift */,
				093148152928D2CC0063EDD8 /* DetailViewModel.swift */,
			);
			name = ViewModels;
			sourceTree = "<group>";
		};
		098C2F2A2926E37900BB8871 /* Model */ = {
			isa = PBXGroup;
			children = (
				098C2F2E2926E3D800BB8871 /* ModelDefinition.swift */,
				098C2F322926E6EC00BB8871 /* ModelPersistence.swift */,
			);
			name = Model;
			sourceTree = "<group>";
		};
		098C2F2B2926E38100BB8871 /* Resources */ = {
			isa = PBXGroup;
			children = (
				098C2F342926E98700BB8871 /* noteDefaultData.json */,
			);
			name = Resources;
			sourceTree = "<group>";
		};
		098C2F2C2926E38800BB8871 /* System */ = {
			isa = PBXGroup;
			children = (
				098C2F1E2926E14900BB8871 /* Assets.xcassets */,
				098C2F1A2926E14800BB8871 /* NoteThisApp.swift */,
			);
			name = System;
			sourceTree = "<group>";
		};
		098C2F2D2926E39200BB8871 /* ViewComponents */ = {
			isa = PBXGroup;
			children = (
				098C2F362926EC5000BB8871 /* NoteCell.swift */,
			);
			name = ViewComponents;
			sourceTree = "<group>";
		};
/* End PBXGroup section */

/* Begin PBXNativeTarget section */
		098C2F162926E14800BB8871 /* NoteThis */ = {
			isa = PBXNativeTarget;
			buildConfigurationList = 098C2F252926E14900BB8871 /* Build configuration list for PBXNativeTarget "NoteThis" */;
			buildPhases = (
				098C2F132926E14800BB8871 /* Sources */,
				098C2F142926E14800BB8871 /* Frameworks */,
				098C2F152926E14800BB8871 /* Resources */,
			);
			buildRules = (
			);
			dependencies = (
			);
			name = NoteThis;
			productName = NoteThis;
			productReference = 098C2F172926E14800BB8871 /* NoteThis.app */;
			productType = "com.apple.product-type.application";
		};
/* End PBXNativeTarget section */

/* Begin PBXProject section */
		098C2F0F2926E14800BB8871 /* Project object */ = {
			isa = PBXProject;
			attributes = {
				BuildIndependentTargetsInParallel = 1;
				LastSwiftUpdateCheck = 1410;
				LastUpgradeCheck = 1410;
				TargetAttributes = {
					098C2F162926E14800BB8871 = {
						CreatedOnToolsVersion = 14.1;
					};
				};
			};
			buildConfigurationList = 098C2F122926E14800BB8871 /* Build configuration list for PBXProject "NoteThis" */;
			compatibilityVersion = "Xcode 14.0";
			developmentRegion = en;
			hasScannedForEncodings = 0;
			knownRegions = (
				en,
				Base,
			);
			mainGroup = 098C2F0E2926E14800BB8871;
			productRefGroup = 098C2F182926E14800BB8871 /* Products */;
			projectDirPath = "";
			projectRoot = "";
			targets = (
				098C2F162926E14800BB8871 /* NoteThis */,
			);
		};
/* End PBXProject section */

/* Begin PBXResourcesBuildPhase section */
		098C2F152926E14800BB8871 /* Resources */ = {
			isa = PBXResourcesBuildPhase;
			buildActionMask = 2147483647;
			files = (
				098C2F222926E14900BB8871 /* Preview Assets.xcassets in Resources */,
				098C2F1F2926E14900BB8871 /* Assets.xcassets in Resources */,
				098C2F352926E98700BB8871 /* noteDefaultData.json in Resources */,
			);
			runOnlyForDeploymentPostprocessing = 0;
		};
/* End PBXResourcesBuildPhase section */

/* Begin PBXSourcesBuildPhase section */
		098C2F132926E14800BB8871 /* Sources */ = {
			isa = PBXSourcesBuildPhase;
			buildActionMask = 2147483647;
			files = (
				098C2F332926E6EC00BB8871 /* ModelPersistence.swift in Sources */,
				098C2F312926E68800BB8871 /* NoteThisViewModel.swift in Sources */,
				098C2F1D2926E14800BB8871 /* ContentView.swift in Sources */,
				098C2F372926EC5000BB8871 /* NoteCell.swift in Sources */,
				098C2F2F2926E3D800BB8871 /* ModelDefinition.swift in Sources */,
				098C2F1B2926E14800BB8871 /* NoteThisApp.swift in Sources */,
				093148142928D26E0063EDD8 /* NoteDetailView.swift in Sources */,
				093148162928D2CC0063EDD8 /* DetailViewModel.swift in Sources */,
			);
			runOnlyForDeploymentPostprocessing = 0;
		};
/* End PBXSourcesBuildPhase section */

/* Begin XCBuildConfiguration section */
		098C2F232926E14900BB8871 /* Debug */ = {
			isa = XCBuildConfiguration;
			buildSettings = {
				ALWAYS_SEARCH_USER_PATHS = NO;
				CLANG_ANALYZER_NONNULL = YES;
				CLANG_ANALYZER_NUMBER_OBJECT_CONVERSION = YES_AGGRESSIVE;
				CLANG_CXX_LANGUAGE_STANDARD = "gnu++20";
				CLANG_ENABLE_MODULES = YES;
				CLANG_ENABLE_OBJC_ARC = YES;
				CLANG_ENABLE_OBJC_WEAK = YES;
				CLANG_WARN_BLOCK_CAPTURE_AUTORELEASING = YES;
				CLANG_WARN_BOOL_CONVERSION = YES;
				CLANG_WARN_COMMA = YES;
				CLANG_WARN_CONSTANT_CONVERSION = YES;
				CLANG_WARN_DEPRECATED_OBJC_IMPLEMENTATIONS = YES;
				CLANG_WARN_DIRECT_OBJC_ISA_USAGE = YES_ERROR;
				CLANG_WARN_DOCUMENTATION_COMMENTS = YES;
				CLANG_WARN_EMPTY_BODY = YES;
				CLANG_WARN_ENUM_CONVERSION = YES;
				CLANG_WARN_INFINITE_RECURSION = YES;
				CLANG_WARN_INT_CONVERSION = YES;
				CLANG_WARN_NON_LITERAL_NULL_CONVERSION = YES;
				CLANG_WARN_OBJC_IMPLICIT_RETAIN_SELF = YES;
				CLANG_WARN_OBJC_LITERAL_CONVERSION = YES;
				CLANG_WARN_OBJC_ROOT_CLASS = YES_ERROR;
				CLANG_WARN_QUOTED_INCLUDE_IN_FRAMEWORK_HEADER = YES;
				CLANG_WARN_RANGE_LOOP_ANALYSIS = YES;
				CLANG_WARN_STRICT_PROTOTYPES = YES;
				CLANG_WARN_SUSPICIOUS_MOVE = YES;
				CLANG_WARN_UNGUARDED_AVAILABILITY = YES_AGGRESSIVE;
				CLANG_WARN_UNREACHABLE_CODE = YES;
				CLANG_WARN__DUPLICATE_METHOD_MATCH = YES;
				COPY_PHASE_STRIP = NO;
				DEBUG_INFORMATION_FORMAT = dwarf;
				ENABLE_STRICT_OBJC_MSGSEND = YES;
				ENABLE_TESTABILITY = YES;
				GCC_C_LANGUAGE_STANDARD = gnu11;
				GCC_DYNAMIC_NO_PIC = NO;
				GCC_NO_COMMON_BLOCKS = YES;
				GCC_OPTIMIZATION_LEVEL = 0;
				GCC_PREPROCESSOR_DEFINITIONS = (
					"DEBUG=1",
					"$(inherited)",
				);
				GCC_WARN_64_TO_32_BIT_CONVERSION = YES;
				GCC_WARN_ABOUT_RETURN_TYPE = YES_ERROR;
				GCC_WARN_UNDECLARED_SELECTOR = YES;
				GCC_WARN_UNINITIALIZED_AUTOS = YES_AGGRESSIVE;
				GCC_WARN_UNUSED_FUNCTION = YES;
				GCC_WARN_UNUSED_VARIABLE = YES;
				IPHONEOS_DEPLOYMENT_TARGET = 16.1;
				MTL_ENABLE_DEBUG_INFO = INCLUDE_SOURCE;
				MTL_FAST_MATH = YES;
				ONLY_ACTIVE_ARCH = YES;
				SDKROOT = iphoneos;
				SWIFT_ACTIVE_COMPILATION_CONDITIONS = DEBUG;
				SWIFT_OPTIMIZATION_LEVEL = "-Onone";
			};
			name = Debug;
		};
		098C2F242926E14900BB8871 /* Release */ = {
			isa = XCBuildConfiguration;
			buildSettings = {
				ALWAYS_SEARCH_USER_PATHS = NO;
				CLANG_ANALYZER_NONNULL = YES;
				CLANG_ANALYZER_NUMBER_OBJECT_CONVERSION = YES_AGGRESSIVE;
				CLANG_CXX_LANGUAGE_STANDARD = "gnu++20";
				CLANG_ENABLE_MODULES = YES;
				CLANG_ENABLE_OBJC_ARC = YES;
				CLANG_ENABLE_OBJC_WEAK = YES;
				CLANG_WARN_BLOCK_CAPTURE_AUTORELEASING = YES;
				CLANG_WARN_BOOL_CONVERSION = YES;
				CLANG_WARN_COMMA = YES;
				CLANG_WARN_CONSTANT_CONVERSION = YES;
				CLANG_WARN_DEPRECATED_OBJC_IMPLEMENTATIONS = YES;
				CLANG_WARN_DIRECT_OBJC_ISA_USAGE = YES_ERROR;
				CLANG_WARN_DOCUMENTATION_COMMENTS = YES;
				CLANG_WARN_EMPTY_BODY = YES;
				CLANG_WARN_ENUM_CONVERSION = YES;
				CLANG_WARN_INFINITE_RECURSION = YES;
				CLANG_WARN_INT_CONVERSION = YES;
				CLANG_WARN_NON_LITERAL_NULL_CONVERSION = YES;
				CLANG_WARN_OBJC_IMPLICIT_RETAIN_SELF = YES;
				CLANG_WARN_OBJC_LITERAL_CONVERSION = YES;
				CLANG_WARN_OBJC_ROOT_CLASS = YES_ERROR;
				CLANG_WARN_QUOTED_INCLUDE_IN_FRAMEWORK_HEADER = YES;
				CLANG_WARN_RANGE_LOOP_ANALYSIS = YES;
				CLANG_WARN_STRICT_PROTOTYPES = YES;
				CLANG_WARN_SUSPICIOUS_MOVE = YES;
				CLANG_WARN_UNGUARDED_AVAILABILITY = YES_AGGRESSIVE;
				CLANG_WARN_UNREACHABLE_CODE = YES;
				CLANG_WARN__DUPLICATE_METHOD_MATCH = YES;
				COPY_PHASE_STRIP = NO;
				DEBUG_INFORMATION_FORMAT = "dwarf-with-dsym";
				ENABLE_NS_ASSERTIONS = NO;
				ENABLE_STRICT_OBJC_MSGSEND = YES;
				GCC_C_LANGUAGE_STANDARD = gnu11;
				GCC_NO_COMMON_BLOCKS = YES;
				GCC_WARN_64_TO_32_BIT_CONVERSION = YES;
				GCC_WARN_ABOUT_RETURN_TYPE = YES_ERROR;
				GCC_WARN_UNDECLARED_SELECTOR = YES;
				GCC_WARN_UNINITIALIZED_AUTOS = YES_AGGRESSIVE;
				GCC_WARN_UNUSED_FUNCTION = YES;
				GCC_WARN_UNUSED_VARIABLE = YES;
				IPHONEOS_DEPLOYMENT_TARGET = 16.1;
				MTL_ENABLE_DEBUG_INFO = NO;
				MTL_FAST_MATH = YES;
				SDKROOT = iphoneos;
				SWIFT_COMPILATION_MODE = wholemodule;
				SWIFT_OPTIMIZATION_LEVEL = "-O";
				VALIDATE_PRODUCT = YES;
			};
			name = Release;
		};
		098C2F262926E14900BB8871 /* Debug */ = {
			isa = XCBuildConfiguration;
			buildSettings = {
				ASSETCATALOG_COMPILER_APPICON_NAME = AppIcon;
				ASSETCATALOG_COMPILER_GLOBAL_ACCENT_COLOR_NAME = AccentColor;
				CODE_SIGN_STYLE = Automatic;
				CURRENT_PROJECT_VERSION = 1;
				DEVELOPMENT_ASSET_PATHS = "\"NoteThis/Preview Content\"";
				DEVELOPMENT_TEAM = ZM86P2F88K;
				ENABLE_PREVIEWS = YES;
				GENERATE_INFOPLIST_FILE = YES;
				INFOPLIST_KEY_UIApplicationSceneManifest_Generation = YES;
				INFOPLIST_KEY_UIApplicationSupportsIndirectInputEvents = YES;
				INFOPLIST_KEY_UILaunchScreen_Generation = YES;
				INFOPLIST_KEY_UISupportedInterfaceOrientations_iPad = "UIInterfaceOrientationPortrait UIInterfaceOrientationPortraitUpsideDown UIInterfaceOrientationLandscapeLeft UIInterfaceOrientationLandscapeRight";
				INFOPLIST_KEY_UISupportedInterfaceOrientations_iPhone = "UIInterfaceOrientationPortrait UIInterfaceOrientationLandscapeLeft UIInterfaceOrientationLandscapeRight";
				LD_RUNPATH_SEARCH_PATHS = (
					"$(inherited)",
					"@executable_path/Frameworks",
				);
				MARKETING_VERSION = 1.0;
				PRODUCT_BUNDLE_IDENTIFIER = dev.jsanz.NoteThis;
				PRODUCT_NAME = "$(TARGET_NAME)";
				SWIFT_EMIT_LOC_STRINGS = YES;
				SWIFT_VERSION = 5.0;
				TARGETED_DEVICE_FAMILY = "1,2";
			};
			name = Debug;
		};
		098C2F272926E14900BB8871 /* Release */ = {
			isa = XCBuildConfiguration;
			buildSettings = {
				ASSETCATALOG_COMPILER_APPICON_NAME = AppIcon;
				ASSETCATALOG_COMPILER_GLOBAL_ACCENT_COLOR_NAME = AccentColor;
				CODE_SIGN_STYLE = Automatic;
				CURRENT_PROJECT_VERSION = 1;
				DEVELOPMENT_ASSET_PATHS = "\"NoteThis/Preview Content\"";
				DEVELOPMENT_TEAM = ZM86P2F88K;
				ENABLE_PREVIEWS = YES;
				GENERATE_INFOPLIST_FILE = YES;
				INFOPLIST_KEY_UIApplicationSceneManifest_Generation = YES;
				INFOPLIST_KEY_UIApplicationSupportsIndirectInputEvents = YES;
				INFOPLIST_KEY_UILaunchScreen_Generation = YES;
				INFOPLIST_KEY_UISupportedInterfaceOrientations_iPad = "UIInterfaceOrientationPortrait UIInterfaceOrientationPortraitUpsideDown UIInterfaceOrientationLandscapeLeft UIInterfaceOrientationLandscapeRight";
				INFOPLIST_KEY_UISupportedInterfaceOrientations_iPhone = "UIInterfaceOrientationPortrait UIInterfaceOrientationLandscapeLeft UIInterfaceOrientationLandscapeRight";
				LD_RUNPATH_SEARCH_PATHS = (
					"$(inherited)",
					"@executable_path/Frameworks",
				);
				MARKETING_VERSION = 1.0;
				PRODUCT_BUNDLE_IDENTIFIER = dev.jsanz.NoteThis;
				PRODUCT_NAME = "$(TARGET_NAME)";
				SWIFT_EMIT_LOC_STRINGS = YES;
				SWIFT_VERSION = 5.0;
				TARGETED_DEVICE_FAMILY = "1,2";
			};
			name = Release;
		};
/* End XCBuildConfiguration section */

/* Begin XCConfigurationList section */
		098C2F122926E14800BB8871 /* Build configuration list for PBXProject "NoteThis" */ = {
			isa = XCConfigurationList;
			buildConfigurations = (
				098C2F232926E14900BB8871 /* Debug */,
				098C2F242926E14900BB8871 /* Release */,
			);
			defaultConfigurationIsVisible = 0;
			defaultConfigurationName = Release;
		};
		098C2F252926E14900BB8871 /* Build configuration list for PBXNativeTarget "NoteThis" */ = {
			isa = XCConfigurationList;
			buildConfigurations = (
				098C2F262926E14900BB8871 /* Debug */,
				098C2F272926E14900BB8871 /* Release */,
			);
			defaultConfigurationIsVisible = 0;
			defaultConfigurationName = Release;
		};
/* End XCConfigurationList section */
	};
	rootObject = 098C2F0F2926E14800BB8871 /* Project object */;
}
